
Microsoft Visual Studio Solution File, Format Version 12.00
# Visual Studio 15
VisualStudioVersion = 15.0.27004.2008
MinimumVisualStudioVersion = 10.0.40219.1
Project("{FAE04EC0-301F-11D3-BF4B-00C04F79EFBC}") = "MySharpServer.Common", "MySharpServer.Common\MySharpServer.Common.csproj", "{3CBD6AF3-8CCA-458C-A48D-E05AE91E1CB7}"
EndProject
Project("{FAE04EC0-301F-11D3-BF4B-00C04F79EFBC}") = "MySharpServer.Framework", "MySharpServer.Framework\MySharpServer.Framework.csproj", "{D8CEBA95-9E54-4EBB-9D01-375EFEA87F7D}"
EndProject
Project("{FAE04EC0-301F-11D3-BF4B-00C04F79EFBC}") = "MySharpServer.FrameworkService", "MySharpServer.FrameworkService\MySharpServer.FrameworkService.csproj", "{ECE95384-667E-4E08-9680-2AECC5F5F4E7}"
EndProject
Project("{FAE04EC0-301F-11D3-BF4B-00C04F79EFBC}") = "MySharpServerExample.ServerApp", "MySharpServerExample.ServerApp\MySharpServerExample.ServerApp.csproj", "{FE49CFC4-AFAB-457A-84DB-B981F4DF954C}"
EndProject
Project("{FAE04EC0-301F-11D3-BF4B-00C04F79EFBC}") = "MySharpServerExample.ServerService", "MySharpServerExample.ServerService\MySharpServerExample.ServerService.csproj", "{D4042F98-8313-46C4-B047-C8E28F360AD6}"
EndProject
Global
	GlobalSection(SolutionConfigurationPlatforms) = preSolution
		Debug|Any CPU = Debug|Any CPU
		Release|Any CPU = Release|Any CPU
	EndGlobalSection
	GlobalSection(ProjectConfigurationPlatforms) = postSolution
		{3CBD6AF3-8CCA-458C-A48D-E05AE91E1CB7}.Debug|Any CPU.ActiveCfg = Debug|Any CPU
		{3CBD6AF3-8CCA-458C-A48D-E05AE91E1CB7}.Debug|Any CPU.Build.0 = Debug|Any CPU
		{3CBD6AF3-8CCA-458C-A48D-E05AE91E1CB7}.Release|Any CPU.ActiveCfg = Release|Any CPU
		{3CBD6AF3-8CCA-458C-A48D-E05AE91E1CB7}.Release|Any CPU.Build.0 = Release|Any CPU
		{D8CEBA95-9E54-4EBB-9D01-375EFEA87F7D}.Debug|Any CPU.ActiveCfg = Debug|Any CPU
		{D8CEBA95-9E54-4EBB-9D01-375EFEA87F7D}.Debug|Any CPU.Build.0 = Debug|Any CPU
		{D8CEBA95-9E54-4EBB-9D01-375EFEA87F7D}.Release|Any CPU.ActiveCfg = Release|Any CPU
		{D8CEBA95-9E54-4EBB-9D01-375EFEA87F7D}.Release|Any CPU.Build.0 = Release|Any CPU
		{ECE95384-667E-4E08-9680-2AECC5F5F4E7}.Debug|Any CPU.ActiveCfg = Debug|Any CPU
		{ECE95384-667E-4E08-9680-2AECC5F5F4E7}.Debug|Any CPU.Build.0 = Debug|Any CPU
		{ECE95384-667E-4E08-9680-2AECC5F5F4E7}.Release|Any CPU.ActiveCfg = Release|Any CPU
		{ECE95384-667E-4E08-9680-2AECC5F5F4E7}.Release|Any CPU.Build.0 = Release|Any CPU
		{FE49CFC4-AFAB-457A-84DB-B981F4DF954C}.Debug|Any CPU.ActiveCfg = Debug|Any CPU
		{FE49CFC4-AFAB-457A-84DB-B981F4DF954C}.Debug|Any CPU.Build.0 = Debug|Any CPU
		{FE49CFC4-AFAB-457A-84DB-B981F4DF954C}.Release|Any CPU.ActiveCfg = Release|Any CPU
		{FE49CFC4-AFAB-457A-84DB-B981F4DF954C}.Release|Any CPU.Build.0 = Release|Any CPU
		{D4042F98-8313-46C4-B047-C8E28F360AD6}.Debug|Any CPU.ActiveCfg = Debug|Any CPU
		{D4042F98-8313-46C4-B047-C8E28F360AD6}.Debug|Any CPU.Build.0 = Debug|Any CPU
		{D4042F98-8313-46C4-B047-C8E28F360AD6}.Release|Any CPU.ActiveCfg = Release|Any CPU
		{D4042F98-8313-46C4-B047-C8E28F360AD6}.Release|Any CPU.Build.0 = Release|Any CPU
	EndGlobalSection
	GlobalSection(SolutionProperties) = preSolution
		HideSolutionNode = FALSE
	EndGlobalSection
	GlobalSection(ExtensibilityGlobals) = postSolution
		SolutionGuid = {E3CFC1E9-8739-4340-82A6-0D0C91A7C44B}
	EndGlobalSection
EndGlobal
